
Microsoft Visual Studio Solution File, Format Version 12.00
# Visual Studio Version 16
VisualStudioVersion = 16.0.32228.343
MinimumVisualStudioVersion = 10.0.40219.1
Project("{FAE04EC0-301F-11D3-BF4B-00C04F79EFBC}") = "NotasFinal", "NotasFinal\NotasFinal.csproj", "{6B747FB9-8BAA-43B8-B23F-F8F6A85A147C}"
EndProject
Project("{FAE04EC0-301F-11D3-BF4B-00C04F79EFBC}") = "NotasDMPTest", "NotasDMPTest\NotasDMPTest.csproj", "{A7DDE1E9-8D76-4A15-9C2B-C2584186C374}"
EndProject
Global
	GlobalSection(SolutionConfigurationPlatforms) = preSolution
		Debug|Any CPU = Debug|Any CPU
		Release|Any CPU = Release|Any CPU
	EndGlobalSection
	GlobalSection(ProjectConfigurationPlatforms) = postSolution
		{6B747FB9-8BAA-43B8-B23F-F8F6A85A147C}.Debug|Any CPU.ActiveCfg = Debug|Any CPU
		{6B747FB9-8BAA-43B8-B23F-F8F6A85A147C}.Debug|Any CPU.Build.0 = Debug|Any CPU
		{6B747FB9-8BAA-43B8-B23F-F8F6A85A147C}.Release|Any CPU.ActiveCfg = Release|Any CPU
		{6B747FB9-8BAA-43B8-B23F-F8F6A85A147C}.Release|Any CPU.Build.0 = Release|Any CPU
		{A7DDE1E9-8D76-4A15-9C2B-C2584186C374}.Debug|Any CPU.ActiveCfg = Debug|Any CPU
		{A7DDE1E9-8D76-4A15-9C2B-C2584186C374}.Debug|Any CPU.Build.0 = Debug|Any CPU
		{A7DDE1E9-8D76-4A15-9C2B-C2584186C374}.Release|Any CPU.ActiveCfg = Release|Any CPU
		{A7DDE1E9-8D76-4A15-9C2B-C2584186C374}.Release|Any CPU.Build.0 = Release|Any CPU
	EndGlobalSection
	GlobalSection(SolutionProperties) = preSolution
		HideSolutionNode = FALSE
	EndGlobalSection
	GlobalSection(ExtensibilityGlobals) = postSolution
		SolutionGuid = {68136DE1-5CF7-4EC0-AD3F-A8C913603723}
	EndGlobalSection
EndGlobal
